<?xml version="1.0" encoding="UTF-8" standalone="yes" ?>
<CodeBlocks_project_file>
	<FileVersion major="1" minor="6" />
	<Project>
		<Option title="Teste" />
		<Option pch_mode="2" />
		<Option compiler="gcc" />
		<Option virtualFolders="source/;" />
		<Build>
			<Target title="Debug">
				<Option output="bin/Debug/Teste" prefix_auto="1" extension_auto="1" />
				<Option object_output="obj/Debug/" />
				<Option type="1" />
				<Option compiler="gcc" />
				<Compiler>
					<Add option="-g" />
					<Add option="-DSFML_STATIC" />
					<Add directory="../../../Downloads/SFML-2.1/include" />
				</Compiler>
				<Linker>
					<Add library="../../../Downloads/SFML-2.1/lib/libsfml-graphics.so" />
					<Add library="../../../Downloads/SFML-2.1/lib/libsfml-window.so" />
					<Add library="../../../Downloads/SFML-2.1/lib/libsfml-system.so" />
					<Add directory="../../../Downloads/SFML-2.1/lib" />
				</Linker>
			</Target>
			<Target title="Release">
				<Option output="bin/Release/Teste" prefix_auto="1" extension_auto="1" />
				<Option object_output="obj/Release/" />
				<Option type="1" />
				<Option compiler="gcc" />
				<Compiler>
					<Add option="-O2" />
				</Compiler>
				<Linker>
					<Add option="-s" />
				</Linker>
			</Target>
		</Build>
		<Compiler>
			<Add option="-Wall" />
		</Compiler>
		<Unit filename="source/block.h" />
		<Unit filename="source/character.h" />
		<Unit filename="source/classmain.h" />
		<Unit filename="source/cppfiles/classmain.cpp" />
		<Unit filename="source/cppfiles/enemy.cpp" />
		<Unit filename="source/cppfiles/game.cpp" />
		<Unit filename="source/cppfiles/main.cpp" />
		<Unit filename="source/cppfiles/maze.cpp" />
		<Unit filename="source/cppfiles/menu.cpp" />
		<Unit filename="source/cppfiles/menucontinue.cpp" />
		<Unit filename="source/cppfiles/position.cpp" />
		<Unit filename="source/cppfiles/random.cpp" />
		<Unit filename="source/cppfiles/scene.cpp" />
		<Unit filename="source/cppfiles/scene_manager.cpp" />
		<Unit filename="source/custom/deque.h" />
		<Unit filename="source/custom/forward_iterator.h" />
		<Unit filename="source/custom/hash_table.h" />
		<Unit filename="source/custom/iterator.h" />
		<Unit filename="source/custom/list.h" />
		<Unit filename="source/custom/node.h" />
		<Unit filename="source/custom/queue.h" />
		<Unit filename="source/custom/reverse_iterator.h" />
		<Unit filename="source/custom/source/deque.t.hpp" />
		<Unit filename="source/custom/source/forward_iterator.t.hpp" />
		<Unit filename="source/custom/source/hash_table.t.hpp" />
		<Unit filename="source/custom/source/list.t.hpp" />
		<Unit filename="source/custom/source/node.t.hpp" />
		<Unit filename="source/custom/source/queue.t.hpp" />
		<Unit filename="source/custom/source/reverse_iterator.t.hpp" />
		<Unit filename="source/custom/source/stack.t.hpp" />
		<Unit filename="source/custom/stack.h" />
		<Unit filename="source/enemy.h" />
		<Unit filename="source/entity.h" />
		<Unit filename="source/game.h" />
		<Unit filename="source/item.h" />
		<Unit filename="source/maze.h" />
		<Unit filename="source/menu.h" />
		<Unit filename="source/menucontinue.h" />
		<Unit filename="source/player.h" />
		<Unit filename="source/position.h" />
		<Unit filename="source/random.h" />
		<Unit filename="source/scene.h" />
		<Unit filename="source/scene_manager.h" />
		<Unit filename="source/spawn.h" />
		<Unit filename="source/timer.h" />
		<Unit filename="source/trap.h" />
		<Extensions>
			<code_completion />
			<debugger />
		</Extensions>
	</Project>
</CodeBlocks_project_file>
